// !$*UTF8*$!
{
	archiveVersion = 1;
	classes = {
	};
	objectVersion = 46;
	objects = {

/* Begin PBXBuildFile section */
		373092881B41DBB000C832FE /* DebugBoxes.cpp in Sources */ = {isa = PBXBuildFile; fileRef = 373092871B41DBB000C832FE /* DebugBoxes.cpp */; };
		373FC7501B3AF8C100AEBB25 /* Assets.cpp in Sources */ = {isa = PBXBuildFile; fileRef = 373FC7471B3AF8C100AEBB25 /* Assets.cpp */; };
		373FC7511B3AF8C100AEBB25 /* ComponentEdit.cpp in Sources */ = {isa = PBXBuildFile; fileRef = 373FC7491B3AF8C100AEBB25 /* ComponentEdit.cpp */; };
		373FC7521B3AF8C100AEBB25 /* Edit.cpp in Sources */ = {isa = PBXBuildFile; fileRef = 373FC74B1B3AF8C100AEBB25 /* Edit.cpp */; };
		373FC7531B3AF8C100AEBB25 /* MaterialEdit.cpp in Sources */ = {isa = PBXBuildFile; fileRef = 373FC74D1B3AF8C100AEBB25 /* MaterialEdit.cpp */; };
		373FC7541B3AF8C100AEBB25 /* Thumbnail.cpp in Sources */ = {isa = PBXBuildFile; fileRef = 373FC74F1B3AF8C100AEBB25 /* Thumbnail.cpp */; };
		373FC7591B3AF8CE00AEBB25 /* Collide.cpp in Sources */ = {isa = PBXBuildFile; fileRef = 373FC7551B3AF8CE00AEBB25 /* Collide.cpp */; };
		373FC75A1B3AF8CE00AEBB25 /* OBB.cpp in Sources */ = {isa = PBXBuildFile; fileRef = 373FC7561B3AF8CE00AEBB25 /* OBB.cpp */; };
		373FC75B1B3AF8CE00AEBB25 /* Shapes.cpp in Sources */ = {isa = PBXBuildFile; fileRef = 373FC7581B3AF8CE00AEBB25 /* Shapes.cpp */; };
		373FC7601B3AF8DA00AEBB25 /* Material.cpp in Sources */ = {isa = PBXBuildFile; fileRef = 373FC75C1B3AF8DA00AEBB25 /* Material.cpp */; };
		373FC7611B3AF8DA00AEBB25 /* RenderPasses.cpp in Sources */ = {isa = PBXBuildFile; fileRef = 373FC75E1B3AF8DA00AEBB25 /* RenderPasses.cpp */; };
		373FC76D1B3AF95E00AEBB25 /* Profiling.cpp in Sources */ = {isa = PBXBuildFile; fileRef = 373FC76A1B3AF95E00AEBB25 /* Profiling.cpp */; };
		373FC7751B3AF99200AEBB25 /* Component.cpp in Sources */ = {isa = PBXBuildFile; fileRef = 373FC76E1B3AF99200AEBB25 /* Component.cpp */; };
		373FC7761B3AF99200AEBB25 /* Object.cpp in Sources */ = {isa = PBXBuildFile; fileRef = 373FC7701B3AF99200AEBB25 /* Object.cpp */; };
		373FC7771B3AF99200AEBB25 /* Time.cpp in Sources */ = {isa = PBXBuildFile; fileRef = 373FC7731B3AF99200AEBB25 /* Time.cpp */; };
		373FC7811B3AF99E00AEBB25 /* BlobFile.cpp in Sources */ = {isa = PBXBuildFile; fileRef = 373FC7781B3AF99E00AEBB25 /* BlobFile.cpp */; };
		373FC7821B3AF99E00AEBB25 /* Filesystem.cpp in Sources */ = {isa = PBXBuildFile; fileRef = 373FC77A1B3AF99E00AEBB25 /* Filesystem.cpp */; };
		373FC7831B3AF99E00AEBB25 /* Persist.cpp in Sources */ = {isa = PBXBuildFile; fileRef = 373FC77D1B3AF99E00AEBB25 /* Persist.cpp */; };
		373FC7841B3AF99E00AEBB25 /* Wavefront.cpp in Sources */ = {isa = PBXBuildFile; fileRef = 373FC77F1B3AF99E00AEBB25 /* Wavefront.cpp */; };
		373FC7891B3AF9AB00AEBB25 /* NarrowPhase.cpp in Sources */ = {isa = PBXBuildFile; fileRef = 373FC7851B3AF9AB00AEBB25 /* NarrowPhase.cpp */; };
		373FC78A1B3AF9AB00AEBB25 /* RigidBody.cpp in Sources */ = {isa = PBXBuildFile; fileRef = 373FC7871B3AF9AB00AEBB25 /* RigidBody.cpp */; };
		373FC7911B3AF9BA00AEBB25 /* EigenLib.cpp in Sources */ = {isa = PBXBuildFile; fileRef = 373FC78B1B3AF9BA00AEBB25 /* EigenLib.cpp */; };
		373FC7921B3AF9BA00AEBB25 /* Scripting.cpp in Sources */ = {isa = PBXBuildFile; fileRef = 373FC78D1B3AF9BA00AEBB25 /* Scripting.cpp */; };
		373FC7931B3AF9BA00AEBB25 /* Utils.cpp in Sources */ = {isa = PBXBuildFile; fileRef = 373FC78F1B3AF9BA00AEBB25 /* Utils.cpp */; };
		373FC79F1B3AF9CC00AEBB25 /* Colorscheme.cpp in Sources */ = {isa = PBXBuildFile; fileRef = 373FC7941B3AF9CC00AEBB25 /* Colorscheme.cpp */; };
		373FC7A01B3AF9CC00AEBB25 /* Elements.cpp in Sources */ = {isa = PBXBuildFile; fileRef = 373FC7961B3AF9CC00AEBB25 /* Elements.cpp */; };
		373FC7A11B3AF9CC00AEBB25 /* Layout.cpp in Sources */ = {isa = PBXBuildFile; fileRef = 373FC7981B3AF9CC00AEBB25 /* Layout.cpp */; };
		373FC7A21B3AF9CC00AEBB25 /* PixelDraw.cpp in Sources */ = {isa = PBXBuildFile; fileRef = 373FC79A1B3AF9CC00AEBB25 /* PixelDraw.cpp */; };
		373FC7A31B3AF9CC00AEBB25 /* Text.cpp in Sources */ = {isa = PBXBuildFile; fileRef = 373FC79C1B3AF9CC00AEBB25 /* Text.cpp */; };
		373FC7A41B3AF9CC00AEBB25 /* TextElements.cpp in Sources */ = {isa = PBXBuildFile; fileRef = 373FC79E1B3AF9CC00AEBB25 /* TextElements.cpp */; };
		37A842741B6E9F5E00908276 /* Console.cpp in Sources */ = {isa = PBXBuildFile; fileRef = 37A842721B6E9F5E00908276 /* Console.cpp */; };
		37A842761B70210100908276 /* scripts in Resources */ = {isa = PBXBuildFile; fileRef = 37A842751B70210100908276 /* scripts */; };
		37C8E08A1B55BFA000713DAC /* gl_core_3_3.c in Sources */ = {isa = PBXBuildFile; fileRef = 37C8E0881B55BFA000713DAC /* gl_core_3_3.c */; };
		37C8E08D1B55BFB100713DAC /* sqlite3.c in Sources */ = {isa = PBXBuildFile; fileRef = 37C8E08B1B55BFB100713DAC /* sqlite3.c */; };
		37C8E0901B55BFC600713DAC /* native_text.c in Sources */ = {isa = PBXBuildFile; fileRef = 37C8E08E1B55BFC600713DAC /* native_text.c */; };
		37D376CF1B3B4571001EAA62 /* Position.cpp in Sources */ = {isa = PBXBuildFile; fileRef = 37D376CB1B3B4571001EAA62 /* Position.cpp */; };
		37D376D01B3B4571001EAA62 /* Viewport.cpp in Sources */ = {isa = PBXBuildFile; fileRef = 37D376CD1B3B4571001EAA62 /* Viewport.cpp */; };
		37D3776A1B3B4970001EAA62 /* libLua.a in Frameworks */ = {isa = PBXBuildFile; fileRef = 37D377691B3B4970001EAA62 /* libLua.a */; };
		37D3776C1B3B4A0B001EAA62 /* libGLFW.a in Frameworks */ = {isa = PBXBuildFile; fileRef = 37D3776B1B3B4A0B001EAA62 /* libGLFW.a */; };
		B9AA96381A575CB40079F917 /* AppDelegate.m in Sources */ = {isa = PBXBuildFile; fileRef = B9AA96371A575CB40079F917 /* AppDelegate.m */; };
		B9AA963C1A575CB40079F917 /* Images.xcassets in Resources */ = {isa = PBXBuildFile; fileRef = B9AA963B1A575CB40079F917 /* Images.xcassets */; };
		B9AA963F1A575CB50079F917 /* MainMenu.xib in Resources */ = {isa = PBXBuildFile; fileRef = B9AA963D1A575CB50079F917 /* MainMenu.xib */; };
		B9AA969B1A575DE00079F917 /* AABB.cpp in Sources */ = {isa = PBXBuildFile; fileRef = B9AA965F1A575DE00079F917 /* AABB.cpp */; };
		B9AA969C1A575DE00079F917 /* Mesh.cpp in Sources */ = {isa = PBXBuildFile; fileRef = B9AA96621A575DE00079F917 /* Mesh.cpp */; };
		B9AA969F1A575DE00079F917 /* Main.cpp in Sources */ = {isa = PBXBuildFile; fileRef = B9AA96681A575DE00079F917 /* Main.cpp */; };
		B9AA96A21A575DE00079F917 /* Mobile.cpp in Sources */ = {isa = PBXBuildFile; fileRef = B9AA966C1A575DE00079F917 /* Mobile.cpp */; };
		B9AA96A51A575DE00079F917 /* FBO.cpp in Sources */ = {isa = PBXBuildFile; fileRef = B9AA96751A575DE00079F917 /* FBO.cpp */; };
		B9AA96A61A575DE00079F917 /* Render.cpp in Sources */ = {isa = PBXBuildFile; fileRef = B9AA96781A575DE00079F917 /* Render.cpp */; };
		B9AA96A71A575DE00079F917 /* Shader.cpp in Sources */ = {isa = PBXBuildFile; fileRef = B9AA967B1A575DE00079F917 /* Shader.cpp */; };
		B9AA96A81A575DE00079F917 /* Texture.cpp in Sources */ = {isa = PBXBuildFile; fileRef = B9AA967D1A575DE00079F917 /* Texture.cpp */; };
		B9AA96A91A575DE00079F917 /* VAO.cpp in Sources */ = {isa = PBXBuildFile; fileRef = B9AA96801A575DE00079F917 /* VAO.cpp */; };
		B9AA96AA1A575DE00079F917 /* VertexData.cpp in Sources */ = {isa = PBXBuildFile; fileRef = B9AA96821A575DE00079F917 /* VertexData.cpp */; };
		B9AA96AB1A575DE00079F917 /* stdafx.cpp in Sources */ = {isa = PBXBuildFile; fileRef = B9AA96851A575DE00079F917 /* stdafx.cpp */; };
		B9AA96B41A575DE00079F917 /* Window.cpp in Sources */ = {isa = PBXBuildFile; fileRef = B9AA96971A575DE00079F917 /* Window.cpp */; };
		B9AA96BB1A5760630079F917 /* OpenGL.framework in Frameworks */ = {isa = PBXBuildFile; fileRef = B9AA96BA1A5760630079F917 /* OpenGL.framework */; };
		B9AA96BD1A5760770079F917 /* Cocoa.framework in Frameworks */ = {isa = PBXBuildFile; fileRef = B9AA96BC1A5760770079F917 /* Cocoa.framework */; };
		B9AA96BF1A57607E0079F917 /* CoreVideo.framework in Frameworks */ = {isa = PBXBuildFile; fileRef = B9AA96BE1A57607E0079F917 /* CoreVideo.framework */; };
		B9AA96C11A5760860079F917 /* IOKit.framework in Frameworks */ = {isa = PBXBuildFile; fileRef = B9AA96C01A5760860079F917 /* IOKit.framework */; };
		B9FEE5041A5C9ABA00489197 /* Tool.cpp in Sources */ = {isa = PBXBuildFile; fileRef = B9FEE5021A5C9ABA00489197 /* Tool.cpp */; };
/* End PBXBuildFile section */

/* Begin PBXFileReference section */
		373092861B41DA5600C832FE /* DebugBoxes.hpp */ = {isa = PBXFileReference; fileEncoding = 4; lastKnownFileType = sourcecode.cpp.h; name = DebugBoxes.hpp; path = Utils/DebugBoxes.hpp; sourceTree = "<group>"; };
		373092871B41DBB000C832FE /* DebugBoxes.cpp */ = {isa = PBXFileReference; fileEncoding = 4; lastKnownFileType = sourcecode.cpp.cpp; name = DebugBoxes.cpp; path = Utils/DebugBoxes.cpp; sourceTree = "<group>"; };
		373FC7451B3AF8AF00AEBB25 /* l_unordered_map.hpp */ = {isa = PBXFileReference; fileEncoding = 4; lastKnownFileType = sourcecode.cpp.h; path = l_unordered_map.hpp; sourceTree = "<group>"; };
		373FC7461B3AF8AF00AEBB25 /* tuple_tree.hpp */ = {isa = PBXFileReference; fileEncoding = 4; lastKnownFileType = sourcecode.cpp.h; path = tuple_tree.hpp; sourceTree = "<group>"; };
		373FC7471B3AF8C100AEBB25 /* Assets.cpp */ = {isa = PBXFileReference; fileEncoding = 4; lastKnownFileType = sourcecode.cpp.cpp; name = Assets.cpp; path = Editor/Assets.cpp; sourceTree = "<group>"; };
		373FC7481B3AF8C100AEBB25 /* Assets.hpp */ = {isa = PBXFileReference; fileEncoding = 4; lastKnownFileType = sourcecode.cpp.h; name = Assets.hpp; path = Editor/Assets.hpp; sourceTree = "<group>"; };
		373FC7491B3AF8C100AEBB25 /* ComponentEdit.cpp */ = {isa = PBXFileReference; fileEncoding = 4; lastKnownFileType = sourcecode.cpp.cpp; name = ComponentEdit.cpp; path = Editor/ComponentEdit.cpp; sourceTree = "<group>"; };
		373FC74A1B3AF8C100AEBB25 /* ComponentEdit.hpp */ = {isa = PBXFileReference; fileEncoding = 4; lastKnownFileType = sourcecode.cpp.h; name = ComponentEdit.hpp; path = Editor/ComponentEdit.hpp; sourceTree = "<group>"; };
		373FC74B1B3AF8C100AEBB25 /* Edit.cpp */ = {isa = PBXFileReference; fileEncoding = 4; lastKnownFileType = sourcecode.cpp.cpp; name = Edit.cpp; path = Editor/Edit.cpp; sourceTree = "<group>"; };
		373FC74C1B3AF8C100AEBB25 /* Edit.hpp */ = {isa = PBXFileReference; fileEncoding = 4; lastKnownFileType = sourcecode.cpp.h; name = Edit.hpp; path = Editor/Edit.hpp; sourceTree = "<group>"; };
		373FC74D1B3AF8C100AEBB25 /* MaterialEdit.cpp */ = {isa = PBXFileReference; fileEncoding = 4; lastKnownFileType = sourcecode.cpp.cpp; name = MaterialEdit.cpp; path = Editor/MaterialEdit.cpp; sourceTree = "<group>"; };
		373FC74E1B3AF8C100AEBB25 /* MaterialEdit.hpp */ = {isa = PBXFileReference; fileEncoding = 4; lastKnownFileType = sourcecode.cpp.h; name = MaterialEdit.hpp; path = Editor/MaterialEdit.hpp; sourceTree = "<group>"; };
		373FC74F1B3AF8C100AEBB25 /* Thumbnail.cpp */ = {isa = PBXFileReference; fileEncoding = 4; lastKnownFileType = sourcecode.cpp.cpp; name = Thumbnail.cpp; path = Editor/Thumbnail.cpp; sourceTree = "<group>"; };
		373FC7551B3AF8CE00AEBB25 /* Collide.cpp */ = {isa = PBXFileReference; fileEncoding = 4; lastKnownFileType = sourcecode.cpp.cpp; path = Collide.cpp; sourceTree = "<group>"; };
		373FC7561B3AF8CE00AEBB25 /* OBB.cpp */ = {isa = PBXFileReference; fileEncoding = 4; lastKnownFileType = sourcecode.cpp.cpp; path = OBB.cpp; sourceTree = "<group>"; };
		373FC7571B3AF8CE00AEBB25 /* OBB.hpp */ = {isa = PBXFileReference; fileEncoding = 4; lastKnownFileType = sourcecode.cpp.h; path = OBB.hpp; sourceTree = "<group>"; };
		373FC7581B3AF8CE00AEBB25 /* Shapes.cpp */ = {isa = PBXFileReference; fileEncoding = 4; lastKnownFileType = sourcecode.cpp.cpp; path = Shapes.cpp; sourceTree = "<group>"; };
		373FC75C1B3AF8DA00AEBB25 /* Material.cpp */ = {isa = PBXFileReference; fileEncoding = 4; lastKnownFileType = sourcecode.cpp.cpp; path = Material.cpp; sourceTree = "<group>"; };
		373FC75D1B3AF8DA00AEBB25 /* Material.hpp */ = {isa = PBXFileReference; fileEncoding = 4; lastKnownFileType = sourcecode.cpp.h; path = Material.hpp; sourceTree = "<group>"; };
		373FC75E1B3AF8DA00AEBB25 /* RenderPasses.cpp */ = {isa = PBXFileReference; fileEncoding = 4; lastKnownFileType = sourcecode.cpp.cpp; path = RenderPasses.cpp; sourceTree = "<group>"; };
		373FC75F1B3AF8DA00AEBB25 /* RenderPasses.hpp */ = {isa = PBXFileReference; fileEncoding = 4; lastKnownFileType = sourcecode.cpp.h; path = RenderPasses.hpp; sourceTree = "<group>"; };
		373FC7681B3AF95E00AEBB25 /* Math.hpp */ = {isa = PBXFileReference; fileEncoding = 4; lastKnownFileType = sourcecode.cpp.h; name = Math.hpp; path = Utils/Math.hpp; sourceTree = "<group>"; };
		373FC7691B3AF95E00AEBB25 /* posixStackTrace.hpp */ = {isa = PBXFileReference; fileEncoding = 4; lastKnownFileType = sourcecode.cpp.h; name = posixStackTrace.hpp; path = Utils/posixStackTrace.hpp; sourceTree = "<group>"; };
		373FC76A1B3AF95E00AEBB25 /* Profiling.cpp */ = {isa = PBXFileReference; fileEncoding = 4; lastKnownFileType = sourcecode.cpp.cpp; name = Profiling.cpp; path = Utils/Profiling.cpp; sourceTree = "<group>"; };
		373FC76B1B3AF95E00AEBB25 /* Profiling.hpp */ = {isa = PBXFileReference; fileEncoding = 4; lastKnownFileType = sourcecode.cpp.h; name = Profiling.hpp; path = Utils/Profiling.hpp; sourceTree = "<group>"; };
		373FC76C1B3AF95E00AEBB25 /* Template.hpp */ = {isa = PBXFileReference; fileEncoding = 4; lastKnownFileType = sourcecode.cpp.h; name = Template.hpp; path = Utils/Template.hpp; sourceTree = "<group>"; };
		373FC76E1B3AF99200AEBB25 /* Component.cpp */ = {isa = PBXFileReference; fileEncoding = 4; lastKnownFileType = sourcecode.cpp.cpp; name = Component.cpp; path = Core/Component.cpp; sourceTree = "<group>"; };
		373FC76F1B3AF99200AEBB25 /* Component.hpp */ = {isa = PBXFileReference; fileEncoding = 4; lastKnownFileType = sourcecode.cpp.h; name = Component.hpp; path = Core/Component.hpp; sourceTree = "<group>"; };
		373FC7701B3AF99200AEBB25 /* Object.cpp */ = {isa = PBXFileReference; fileEncoding = 4; lastKnownFileType = sourcecode.cpp.cpp; name = Object.cpp; path = Core/Object.cpp; sourceTree = "<group>"; };
		373FC7711B3AF99200AEBB25 /* Object.hpp */ = {isa = PBXFileReference; fileEncoding = 4; lastKnownFileType = sourcecode.cpp.h; name = Object.hpp; path = Core/Object.hpp; sourceTree = "<group>"; };
		373FC7721B3AF99200AEBB25 /* Resource.hpp */ = {isa = PBXFileReference; fileEncoding = 4; lastKnownFileType = sourcecode.cpp.h; name = Resource.hpp; path = Core/Resource.hpp; sourceTree = "<group>"; };
		373FC7731B3AF99200AEBB25 /* Time.cpp */ = {isa = PBXFileReference; fileEncoding = 4; lastKnownFileType = sourcecode.cpp.cpp; name = Time.cpp; path = Core/Time.cpp; sourceTree = "<group>"; };
		373FC7741B3AF99200AEBB25 /* Time.hpp */ = {isa = PBXFileReference; fileEncoding = 4; lastKnownFileType = sourcecode.cpp.h; name = Time.hpp; path = Core/Time.hpp; sourceTree = "<group>"; };
		373FC7781B3AF99E00AEBB25 /* BlobFile.cpp */ = {isa = PBXFileReference; fileEncoding = 4; lastKnownFileType = sourcecode.cpp.cpp; name = BlobFile.cpp; path = File/BlobFile.cpp; sourceTree = "<group>"; };
		373FC7791B3AF99E00AEBB25 /* BlobFile.hpp */ = {isa = PBXFileReference; fileEncoding = 4; lastKnownFileType = sourcecode.cpp.h; name = BlobFile.hpp; path = File/BlobFile.hpp; sourceTree = "<group>"; };
		373FC77A1B3AF99E00AEBB25 /* Filesystem.cpp */ = {isa = PBXFileReference; fileEncoding = 4; lastKnownFileType = sourcecode.cpp.cpp; name = Filesystem.cpp; path = File/Filesystem.cpp; sourceTree = "<group>"; };
		373FC77B1B3AF99E00AEBB25 /* Filesystem.hpp */ = {isa = PBXFileReference; fileEncoding = 4; lastKnownFileType = sourcecode.cpp.h; name = Filesystem.hpp; path = File/Filesystem.hpp; sourceTree = "<group>"; };
		373FC77C1B3AF99E00AEBB25 /* Persist_detail.hpp */ = {isa = PBXFileReference; fileEncoding = 4; lastKnownFileType = sourcecode.cpp.h; name = Persist_detail.hpp; path = File/Persist_detail.hpp; sourceTree = "<group>"; };
		373FC77D1B3AF99E00AEBB25 /* Persist.cpp */ = {isa = PBXFileReference; fileEncoding = 4; lastKnownFileType = sourcecode.cpp.cpp; name = Persist.cpp; path = File/Persist.cpp; sourceTree = "<group>"; };
		373FC77E1B3AF99E00AEBB25 /* Persist.hpp */ = {isa = PBXFileReference; fileEncoding = 4; lastKnownFileType = sourcecode.cpp.h; name = Persist.hpp; path = File/Persist.hpp; sourceTree = "<group>"; };
		373FC77F1B3AF99E00AEBB25 /* Wavefront.cpp */ = {isa = PBXFileReference; fileEncoding = 4; lastKnownFileType = sourcecode.cpp.cpp; name = Wavefront.cpp; path = File/Wavefront.cpp; sourceTree = "<group>"; };
		373FC7801B3AF99E00AEBB25 /* Wavefront.hpp */ = {isa = PBXFileReference; fileEncoding = 4; lastKnownFileType = sourcecode.cpp.h; name = Wavefront.hpp; path = File/Wavefront.hpp; sourceTree = "<group>"; };
		373FC7851B3AF9AB00AEBB25 /* NarrowPhase.cpp */ = {isa = PBXFileReference; fileEncoding = 4; lastKnownFileType = sourcecode.cpp.cpp; name = NarrowPhase.cpp; path = Physics/NarrowPhase.cpp; sourceTree = "<group>"; };
		373FC7861B3AF9AB00AEBB25 /* NarrowPhase.hpp */ = {isa = PBXFileReference; fileEncoding = 4; lastKnownFileType = sourcecode.cpp.h; name = NarrowPhase.hpp; path = Physics/NarrowPhase.hpp; sourceTree = "<group>"; };
		373FC7871B3AF9AB00AEBB25 /* RigidBody.cpp */ = {isa = PBXFileReference; fileEncoding = 4; lastKnownFileType = sourcecode.cpp.cpp; name = RigidBody.cpp; path = Physics/RigidBody.cpp; sourceTree = "<group>"; };
		373FC7881B3AF9AB00AEBB25 /* RigidBody.hpp */ = {isa = PBXFileReference; fileEncoding = 4; lastKnownFileType = sourcecode.cpp.h; name = RigidBody.hpp; path = Physics/RigidBody.hpp; sourceTree = "<group>"; };
		373FC78B1B3AF9BA00AEBB25 /* EigenLib.cpp */ = {isa = PBXFileReference; fileEncoding = 4; lastKnownFileType = sourcecode.cpp.cpp; name = EigenLib.cpp; path = Script/EigenLib.cpp; sourceTree = "<group>"; };
		373FC78C1B3AF9BA00AEBB25 /* EigenLib.hpp */ = {isa = PBXFileReference; fileEncoding = 4; lastKnownFileType = sourcecode.cpp.h; name = EigenLib.hpp; path = Script/EigenLib.hpp; sourceTree = "<group>"; };
		373FC78D1B3AF9BA00AEBB25 /* Scripting.cpp */ = {isa = PBXFileReference; fileEncoding = 4; lastKnownFileType = sourcecode.cpp.cpp; name = Scripting.cpp; path = Script/Scripting.cpp; sourceTree = "<group>"; };
		373FC78E1B3AF9BA00AEBB25 /* Scripting.hpp */ = {isa = PBXFileReference; fileEncoding = 4; lastKnownFileType = sourcecode.cpp.h; name = Scripting.hpp; path = Script/Scripting.hpp; sourceTree = "<group>"; };
		373FC78F1B3AF9BA00AEBB25 /* Utils.cpp */ = {isa = PBXFileReference; fileEncoding = 4; lastKnownFileType = sourcecode.cpp.cpp; name = Utils.cpp; path = Script/Utils.cpp; sourceTree = "<group>"; };
		373FC7901B3AF9BA00AEBB25 /* Utils.hpp */ = {isa = PBXFileReference; fileEncoding = 4; lastKnownFileType = sourcecode.cpp.h; name = Utils.hpp; path = Script/Utils.hpp; sourceTree = "<group>"; };
		373FC7941B3AF9CC00AEBB25 /* Colorscheme.cpp */ = {isa = PBXFileReference; fileEncoding = 4; lastKnownFileType = sourcecode.cpp.cpp; name = Colorscheme.cpp; path = UI/Colorscheme.cpp; sourceTree = "<group>"; };
		373FC7951B3AF9CC00AEBB25 /* Colorscheme.hpp */ = {isa = PBXFileReference; fileEncoding = 4; lastKnownFileType = sourcecode.cpp.h; name = Colorscheme.hpp; path = UI/Colorscheme.hpp; sourceTree = "<group>"; };
		373FC7961B3AF9CC00AEBB25 /* Elements.cpp */ = {isa = PBXFileReference; fileEncoding = 4; lastKnownFileType = sourcecode.cpp.cpp; name = Elements.cpp; path = UI/Elements.cpp; sourceTree = "<group>"; };
		373FC7971B3AF9CC00AEBB25 /* Elements.hpp */ = {isa = PBXFileReference; fileEncoding = 4; lastKnownFileType = sourcecode.cpp.h; name = Elements.hpp; path = UI/Elements.hpp; sourceTree = "<group>"; };
		373FC7981B3AF9CC00AEBB25 /* Layout.cpp */ = {isa = PBXFileReference; fileEncoding = 4; lastKnownFileType = sourcecode.cpp.cpp; name = Layout.cpp; path = UI/Layout.cpp; sourceTree = "<group>"; };
		373FC7991B3AF9CC00AEBB25 /* Layout.hpp */ = {isa = PBXFileReference; fileEncoding = 4; lastKnownFileType = sourcecode.cpp.h; name = Layout.hpp; path = UI/Layout.hpp; sourceTree = "<group>"; };
		373FC79A1B3AF9CC00AEBB25 /* PixelDraw.cpp */ = {isa = PBXFileReference; fileEncoding = 4; lastKnownFileType = sourcecode.cpp.cpp; name = PixelDraw.cpp; path = UI/PixelDraw.cpp; sourceTree = "<group>"; };
		373FC79B1B3AF9CC00AEBB25 /* PixelDraw.hpp */ = {isa = PBXFileReference; fileEncoding = 4; lastKnownFileType = sourcecode.cpp.h; name = PixelDraw.hpp; path = UI/PixelDraw.hpp; sourceTree = "<group>"; };
		373FC79C1B3AF9CC00AEBB25 /* Text.cpp */ = {isa = PBXFileReference; fileEncoding = 4; lastKnownFileType = sourcecode.cpp.cpp; name = Text.cpp; path = UI/Text.cpp; sourceTree = "<group>"; };
		373FC79D1B3AF9CC00AEBB25 /* Text.hpp */ = {isa = PBXFileReference; fileEncoding = 4; lastKnownFileType = sourcecode.cpp.h; name = Text.hpp; path = UI/Text.hpp; sourceTree = "<group>"; };
		373FC79E1B3AF9CC00AEBB25 /* TextElements.cpp */ = {isa = PBXFileReference; fileEncoding = 4; lastKnownFileType = sourcecode.cpp.cpp; name = TextElements.cpp; path = UI/TextElements.cpp; sourceTree = "<group>"; };
		37A8426E1B5D718A00908276 /* stb_image.h */ = {isa = PBXFileReference; fileEncoding = 4; lastKnownFileType = sourcecode.c.h; name = stb_image.h; path = Libs/stb/stb_image.h; sourceTree = "<group>"; };
		37A8426F1B5D718A00908276 /* stb_rect_pack.h */ = {isa = PBXFileReference; fileEncoding = 4; lastKnownFileType = sourcecode.c.h; name = stb_rect_pack.h; path = Libs/stb/stb_rect_pack.h; sourceTree = "<group>"; };
		37A842701B5D718A00908276 /* stb_textedit.h */ = {isa = PBXFileReference; fileEncoding = 4; lastKnownFileType = sourcecode.c.h; name = stb_textedit.h; path = Libs/stb/stb_textedit.h; sourceTree = "<group>"; };
		37A842721B6E9F5E00908276 /* Console.cpp */ = {isa = PBXFileReference; fileEncoding = 4; lastKnownFileType = sourcecode.cpp.cpp; name = Console.cpp; path = Editor/Console.cpp; sourceTree = "<group>"; };
		37A842731B6E9F5E00908276 /* Console.hpp */ = {isa = PBXFileReference; fileEncoding = 4; lastKnownFileType = sourcecode.cpp.h; name = Console.hpp; path = Editor/Console.hpp; sourceTree = "<group>"; };
		37A842751B70210100908276 /* scripts */ = {isa = PBXFileReference; lastKnownFileType = folder; path = scripts; sourceTree = SOURCE_ROOT; };
		37C8E0881B55BFA000713DAC /* gl_core_3_3.c */ = {isa = PBXFileReference; fileEncoding = 4; lastKnownFileType = sourcecode.c.c; name = gl_core_3_3.c; path = Libs/GL/gl_core_3_3.c; sourceTree = SOURCE_ROOT; };
		37C8E0891B55BFA000713DAC /* gl_core_3_3.h */ = {isa = PBXFileReference; fileEncoding = 4; lastKnownFileType = sourcecode.c.h; name = gl_core_3_3.h; path = Libs/GL/gl_core_3_3.h; sourceTree = SOURCE_ROOT; };
		37C8E08B1B55BFB100713DAC /* sqlite3.c */ = {isa = PBXFileReference; fileEncoding = 4; lastKnownFileType = sourcecode.c.c; name = sqlite3.c; path = Libs/sqlite/sqlite3.c; sourceTree = "<group>"; };
		37C8E08C1B55BFB100713DAC /* sqlite3.h */ = {isa = PBXFileReference; fileEncoding = 4; lastKnownFileType = sourcecode.c.h; name = sqlite3.h; path = Libs/sqlite/sqlite3.h; sourceTree = "<group>"; };
		37C8E08E1B55BFC600713DAC /* native_text.c */ = {isa = PBXFileReference; fileEncoding = 4; lastKnownFileType = sourcecode.c.c; name = native_text.c; path = Libs/NativeText/native_text.c; sourceTree = "<group>"; };
		37C8E08F1B55BFC600713DAC /* native_text.h */ = {isa = PBXFileReference; fileEncoding = 4; lastKnownFileType = sourcecode.c.h; name = native_text.h; path = Libs/NativeText/native_text.h; sourceTree = "<group>"; };
		37D376CA1B3B4571001EAA62 /* magic_ptr.hpp */ = {isa = PBXFileReference; fileEncoding = 4; lastKnownFileType = sourcecode.cpp.h; path = magic_ptr.hpp; sourceTree = "<group>"; };
		37D376CB1B3B4571001EAA62 /* Position.cpp */ = {isa = PBXFileReference; fileEncoding = 4; lastKnownFileType = sourcecode.cpp.cpp; path = Position.cpp; sourceTree = "<group>"; };
		37D376CC1B3B4571001EAA62 /* Position.hpp */ = {isa = PBXFileReference; fileEncoding = 4; lastKnownFileType = sourcecode.cpp.h; path = Position.hpp; sourceTree = "<group>"; };
		37D376CD1B3B4571001EAA62 /* Viewport.cpp */ = {isa = PBXFileReference; fileEncoding = 4; lastKnownFileType = sourcecode.cpp.cpp; path = Viewport.cpp; sourceTree = "<group>"; };
		37D376CE1B3B4571001EAA62 /* Viewport.hpp */ = {isa = PBXFileReference; fileEncoding = 4; lastKnownFileType = sourcecode.cpp.h; path = Viewport.hpp; sourceTree = "<group>"; };
		37D377691B3B4970001EAA62 /* libLua.a */ = {isa = PBXFileReference; lastKnownFileType = archive.ar; name = libLua.a; path = "../../Library/Developer/Xcode/DerivedData/Violet-ektknzihphkvveeijwugqfctgfmb/Build/Products/Debug/libLua.a"; sourceTree = "<group>"; };
		37D3776B1B3B4A0B001EAA62 /* libGLFW.a */ = {isa = PBXFileReference; lastKnownFileType = archive.ar; name = libGLFW.a; path = "../../Library/Developer/Xcode/DerivedData/Violet-ektknzihphkvveeijwugqfctgfmb/Build/Products/Debug/libGLFW.a"; sourceTree = "<group>"; };
		B9AA96311A575CB40079F917 /* Violet.app */ = {isa = PBXFileReference; explicitFileType = wrapper.application; includeInIndex = 0; path = Violet.app; sourceTree = BUILT_PRODUCTS_DIR; };
		B9AA96351A575CB40079F917 /* Info.plist */ = {isa = PBXFileReference; lastKnownFileType = text.plist.xml; path = Info.plist; sourceTree = "<group>"; };
		B9AA96361A575CB40079F917 /* AppDelegate.h */ = {isa = PBXFileReference; lastKnownFileType = sourcecode.c.h; path = AppDelegate.h; sourceTree = "<group>"; };
		B9AA96371A575CB40079F917 /* AppDelegate.m */ = {isa = PBXFileReference; lastKnownFileType = sourcecode.c.objc; path = AppDelegate.m; sourceTree = "<group>"; };
		B9AA963B1A575CB40079F917 /* Images.xcassets */ = {isa = PBXFileReference; lastKnownFileType = folder.assetcatalog; path = Images.xcassets; sourceTree = "<group>"; };
		B9AA963E1A575CB50079F917 /* Base */ = {isa = PBXFileReference; lastKnownFileType = file.xib; name = Base; path = Base.lproj/MainMenu.xib; sourceTree = "<group>"; };
		B9AA965A1A575DE00079F917 /* BinTree.hpp */ = {isa = PBXFileReference; fileEncoding = 4; lastKnownFileType = sourcecode.cpp.h; path = BinTree.hpp; sourceTree = "<group>"; };
		B9AA965B1A575DE00079F917 /* l_bag.hpp */ = {isa = PBXFileReference; fileEncoding = 4; lastKnownFileType = sourcecode.cpp.h; path = l_bag.hpp; sourceTree = "<group>"; };
		B9AA965C1A575DE00079F917 /* l_map.hpp */ = {isa = PBXFileReference; fileEncoding = 4; lastKnownFileType = sourcecode.cpp.h; path = l_map.hpp; sourceTree = "<group>"; };
		B9AA965D1A575DE00079F917 /* WrappedIterator.hpp */ = {isa = PBXFileReference; fileEncoding = 4; lastKnownFileType = sourcecode.cpp.h; path = WrappedIterator.hpp; sourceTree = "<group>"; };
		B9AA965F1A575DE00079F917 /* AABB.cpp */ = {isa = PBXFileReference; fileEncoding = 4; lastKnownFileType = sourcecode.cpp.cpp; path = AABB.cpp; sourceTree = "<group>"; };
		B9AA96601A575DE00079F917 /* AABB.hpp */ = {isa = PBXFileReference; fileEncoding = 4; lastKnownFileType = sourcecode.cpp.h; path = AABB.hpp; sourceTree = "<group>"; };
		B9AA96611A575DE00079F917 /* Collide.hpp */ = {isa = PBXFileReference; fileEncoding = 4; lastKnownFileType = sourcecode.cpp.h; path = Collide.hpp; sourceTree = "<group>"; };
		B9AA96621A575DE00079F917 /* Mesh.cpp */ = {isa = PBXFileReference; fileEncoding = 4; lastKnownFileType = sourcecode.cpp.cpp; path = Mesh.cpp; sourceTree = "<group>"; };
		B9AA96631A575DE00079F917 /* Mesh.hpp */ = {isa = PBXFileReference; fileEncoding = 4; lastKnownFileType = sourcecode.cpp.h; path = Mesh.hpp; sourceTree = "<group>"; };
		B9AA96641A575DE00079F917 /* Shapes.hpp */ = {isa = PBXFileReference; fileEncoding = 4; lastKnownFileType = sourcecode.cpp.h; path = Shapes.hpp; sourceTree = "<group>"; };
		B9AA96681A575DE00079F917 /* Main.cpp */ = {isa = PBXFileReference; fileEncoding = 4; lastKnownFileType = sourcecode.cpp.cpp; path = Main.cpp; sourceTree = "<group>"; };
		B9AA966C1A575DE00079F917 /* Mobile.cpp */ = {isa = PBXFileReference; fileEncoding = 4; lastKnownFileType = sourcecode.cpp.cpp; path = Mobile.cpp; sourceTree = "<group>"; };
		B9AA966D1A575DE00079F917 /* Mobile.hpp */ = {isa = PBXFileReference; fileEncoding = 4; lastKnownFileType = sourcecode.cpp.h; path = Mobile.hpp; sourceTree = "<group>"; };
		B9AA96741A575DE00079F917 /* BufferObject.hpp */ = {isa = PBXFileReference; fileEncoding = 4; lastKnownFileType = sourcecode.cpp.h; path = BufferObject.hpp; sourceTree = "<group>"; };
		B9AA96751A575DE00079F917 /* FBO.cpp */ = {isa = PBXFileReference; fileEncoding = 4; lastKnownFileType = sourcecode.cpp.cpp; path = FBO.cpp; sourceTree = "<group>"; };
		B9AA96761A575DE00079F917 /* FBO.hpp */ = {isa = PBXFileReference; fileEncoding = 4; lastKnownFileType = sourcecode.cpp.h; path = FBO.hpp; sourceTree = "<group>"; };
		B9AA96781A575DE00079F917 /* Render.cpp */ = {isa = PBXFileReference; fileEncoding = 4; lastKnownFileType = sourcecode.cpp.cpp; path = Render.cpp; sourceTree = "<group>"; };
		B9AA96791A575DE00079F917 /* Render.hpp */ = {isa = PBXFileReference; fileEncoding = 4; lastKnownFileType = sourcecode.cpp.h; path = Render.hpp; sourceTree = "<group>"; };
		B9AA967B1A575DE00079F917 /* Shader.cpp */ = {isa = PBXFileReference; fileEncoding = 4; lastKnownFileType = sourcecode.cpp.cpp; path = Shader.cpp; sourceTree = "<group>"; };
		B9AA967C1A575DE00079F917 /* Shader.hpp */ = {isa = PBXFileReference; fileEncoding = 4; lastKnownFileType = sourcecode.cpp.h; path = Shader.hpp; sourceTree = "<group>"; };
		B9AA967D1A575DE00079F917 /* Texture.cpp */ = {isa = PBXFileReference; fileEncoding = 4; lastKnownFileType = sourcecode.cpp.cpp; path = Texture.cpp; sourceTree = "<group>"; };
		B9AA967E1A575DE00079F917 /* Texture.hpp */ = {isa = PBXFileReference; fileEncoding = 4; lastKnownFileType = sourcecode.cpp.h; path = Texture.hpp; sourceTree = "<group>"; };
		B9AA967F1A575DE00079F917 /* Texture_detail.hpp */ = {isa = PBXFileReference; fileEncoding = 4; lastKnownFileType = sourcecode.cpp.h; path = Texture_detail.hpp; sourceTree = "<group>"; };
		B9AA96801A575DE00079F917 /* VAO.cpp */ = {isa = PBXFileReference; fileEncoding = 4; lastKnownFileType = sourcecode.cpp.cpp; path = VAO.cpp; sourceTree = "<group>"; };
		B9AA96811A575DE00079F917 /* VAO.hpp */ = {isa = PBXFileReference; fileEncoding = 4; lastKnownFileType = sourcecode.cpp.h; path = VAO.hpp; sourceTree = "<group>"; };
		B9AA96821A575DE00079F917 /* VertexData.cpp */ = {isa = PBXFileReference; fileEncoding = 4; lastKnownFileType = sourcecode.cpp.cpp; path = VertexData.cpp; sourceTree = "<group>"; };
		B9AA96831A575DE00079F917 /* VertexData.hpp */ = {isa = PBXFileReference; fileEncoding = 4; lastKnownFileType = sourcecode.cpp.h; path = VertexData.hpp; sourceTree = "<group>"; };
		B9AA96851A575DE00079F917 /* stdafx.cpp */ = {isa = PBXFileReference; fileEncoding = 4; lastKnownFileType = sourcecode.cpp.cpp; path = stdafx.cpp; sourceTree = "<group>"; };
		B9AA96861A575DE00079F917 /* stdafx.h */ = {isa = PBXFileReference; fileEncoding = 4; lastKnownFileType = sourcecode.c.h; path = stdafx.h; sourceTree = "<group>"; };
		B9AA96971A575DE00079F917 /* Window.cpp */ = {isa = PBXFileReference; fileEncoding = 4; lastKnownFileType = sourcecode.cpp.cpp; path = Window.cpp; sourceTree = "<group>"; };
		B9AA96981A575DE00079F917 /* Window.hpp */ = {isa = PBXFileReference; fileEncoding = 4; lastKnownFileType = sourcecode.cpp.h; path = Window.hpp; sourceTree = "<group>"; };
		B9AA96BA1A5760630079F917 /* OpenGL.framework */ = {isa = PBXFileReference; lastKnownFileType = wrapper.framework; name = OpenGL.framework; path = System/Library/Frameworks/OpenGL.framework; sourceTree = SDKROOT; };
		B9AA96BC1A5760770079F917 /* Cocoa.framework */ = {isa = PBXFileReference; lastKnownFileType = wrapper.framework; name = Cocoa.framework; path = System/Library/Frameworks/Cocoa.framework; sourceTree = SDKROOT; };
		B9AA96BE1A57607E0079F917 /* CoreVideo.framework */ = {isa = PBXFileReference; lastKnownFileType = wrapper.framework; name = CoreVideo.framework; path = System/Library/Frameworks/CoreVideo.framework; sourceTree = SDKROOT; };
		B9AA96C01A5760860079F917 /* IOKit.framework */ = {isa = PBXFileReference; lastKnownFileType = wrapper.framework; name = IOKit.framework; path = System/Library/Frameworks/IOKit.framework; sourceTree = SDKROOT; };
		B9AA96D91A577D3E0079F917 /* assets */ = {isa = PBXFileReference; lastKnownFileType = folder; path = assets; sourceTree = "<group>"; };
		B9FEE5021A5C9ABA00489197 /* Tool.cpp */ = {isa = PBXFileReference; fileEncoding = 4; lastKnownFileType = sourcecode.cpp.cpp; name = Tool.cpp; path = Editor/Tool.cpp; sourceTree = "<group>"; };
		B9FEE5031A5C9ABA00489197 /* Tool.hpp */ = {isa = PBXFileReference; fileEncoding = 4; lastKnownFileType = sourcecode.cpp.h; name = Tool.hpp; path = Editor/Tool.hpp; sourceTree = "<group>"; };
/* End PBXFileReference section */

/* Begin PBXFrameworksBuildPhase section */
		B9AA962E1A575CB40079F917 /* Frameworks */ = {
			isa = PBXFrameworksBuildPhase;
			buildActionMask = 2147483647;
			files = (
				37D3776C1B3B4A0B001EAA62 /* libGLFW.a in Frameworks */,
				37D3776A1B3B4970001EAA62 /* libLua.a in Frameworks */,
				B9AA96C11A5760860079F917 /* IOKit.framework in Frameworks */,
				B9AA96BF1A57607E0079F917 /* CoreVideo.framework in Frameworks */,
				B9AA96BD1A5760770079F917 /* Cocoa.framework in Frameworks */,
				B9AA96BB1A5760630079F917 /* OpenGL.framework in Frameworks */,
			);
			runOnlyForDeploymentPostprocessing = 0;
		};
/* End PBXFrameworksBuildPhase section */

/* Begin PBXGroup section */
		373FC7621B3AF8FA00AEBB25 /* File */ = {
			isa = PBXGroup;
			children = (
				373FC7781B3AF99E00AEBB25 /* BlobFile.cpp */,
				373FC7791B3AF99E00AEBB25 /* BlobFile.hpp */,
				373FC77A1B3AF99E00AEBB25 /* Filesystem.cpp */,
				373FC77B1B3AF99E00AEBB25 /* Filesystem.hpp */,
				373FC77C1B3AF99E00AEBB25 /* Persist_detail.hpp */,
				373FC77D1B3AF99E00AEBB25 /* Persist.cpp */,
				373FC77E1B3AF99E00AEBB25 /* Persist.hpp */,
				373FC77F1B3AF99E00AEBB25 /* Wavefront.cpp */,
				373FC7801B3AF99E00AEBB25 /* Wavefront.hpp */,
			);
			name = File;
			sourceTree = "<group>";
		};
		373FC7631B3AF90100AEBB25 /* Physics */ = {
			isa = PBXGroup;
			children = (
				373FC7851B3AF9AB00AEBB25 /* NarrowPhase.cpp */,
				373FC7861B3AF9AB00AEBB25 /* NarrowPhase.hpp */,
				373FC7871B3AF9AB00AEBB25 /* RigidBody.cpp */,
				373FC7881B3AF9AB00AEBB25 /* RigidBody.hpp */,
			);
			name = Physics;
			sourceTree = "<group>";
		};
		373FC7641B3AF90800AEBB25 /* UI */ = {
			isa = PBXGroup;
			children = (
				373FC7941B3AF9CC00AEBB25 /* Colorscheme.cpp */,
				373FC7951B3AF9CC00AEBB25 /* Colorscheme.hpp */,
				373FC7961B3AF9CC00AEBB25 /* Elements.cpp */,
				373FC7971B3AF9CC00AEBB25 /* Elements.hpp */,
				373FC7981B3AF9CC00AEBB25 /* Layout.cpp */,
				373FC7991B3AF9CC00AEBB25 /* Layout.hpp */,
				373FC79A1B3AF9CC00AEBB25 /* PixelDraw.cpp */,
				373FC79B1B3AF9CC00AEBB25 /* PixelDraw.hpp */,
				373FC79C1B3AF9CC00AEBB25 /* Text.cpp */,
				373FC79D1B3AF9CC00AEBB25 /* Text.hpp */,
				373FC79E1B3AF9CC00AEBB25 /* TextElements.cpp */,
			);
			name = UI;
			sourceTree = "<group>";
		};
		373FC7651B3AF91200AEBB25 /* Core */ = {
			isa = PBXGroup;
			children = (
				373FC76E1B3AF99200AEBB25 /* Component.cpp */,
				373FC76F1B3AF99200AEBB25 /* Component.hpp */,
				373FC7701B3AF99200AEBB25 /* Object.cpp */,
				373FC7711B3AF99200AEBB25 /* Object.hpp */,
				373FC7721B3AF99200AEBB25 /* Resource.hpp */,
				373FC7731B3AF99200AEBB25 /* Time.cpp */,
				373FC7741B3AF99200AEBB25 /* Time.hpp */,
			);
			name = Core;
			sourceTree = "<group>";
		};
		373FC7661B3AF93300AEBB25 /* Script */ = {
			isa = PBXGroup;
			children = (
				373FC78B1B3AF9BA00AEBB25 /* EigenLib.cpp */,
				373FC78C1B3AF9BA00AEBB25 /* EigenLib.hpp */,
				373FC78D1B3AF9BA00AEBB25 /* Scripting.cpp */,
				373FC78E1B3AF9BA00AEBB25 /* Scripting.hpp */,
				373FC78F1B3AF9BA00AEBB25 /* Utils.cpp */,
				373FC7901B3AF9BA00AEBB25 /* Utils.hpp */,
			);
			name = Script;
			sourceTree = "<group>";
		};
		373FC7671B3AF93C00AEBB25 /* Utils */ = {
			isa = PBXGroup;
			children = (
				373FC7681B3AF95E00AEBB25 /* Math.hpp */,
				373FC7691B3AF95E00AEBB25 /* posixStackTrace.hpp */,
				373FC76A1B3AF95E00AEBB25 /* Profiling.cpp */,
				373FC76B1B3AF95E00AEBB25 /* Profiling.hpp */,
				373FC76C1B3AF95E00AEBB25 /* Template.hpp */,
				373092861B41DA5600C832FE /* DebugBoxes.hpp */,
				373092871B41DBB000C832FE /* DebugBoxes.cpp */,
			);
			name = Utils;
			sourceTree = "<group>";
		};
		373FC7A51B3AF9EA00AEBB25 /* sqlite */ = {
			isa = PBXGroup;
			children = (
				37C8E08B1B55BFB100713DAC /* sqlite3.c */,
				37C8E08C1B55BFB100713DAC /* sqlite3.h */,
			);
			name = sqlite;
			sourceTree = "<group>";
		};
		37A8426D1B5D717900908276 /* stb */ = {
			isa = PBXGroup;
			children = (
				37A8426E1B5D718A00908276 /* stb_image.h */,
				37A8426F1B5D718A00908276 /* stb_rect_pack.h */,
				37A842701B5D718A00908276 /* stb_textedit.h */,
			);
			name = stb;
			sourceTree = "<group>";
		};
		37C8E0851B55BCE000713DAC /* Libs */ = {
			isa = PBXGroup;
			children = (
				37A8426D1B5D717900908276 /* stb */,
				37C8E0871B55BDAC00713DAC /* NativeText */,
				B9AA96C21A5760CF0079F917 /* GL */,
				373FC7A51B3AF9EA00AEBB25 /* sqlite */,
				B9AA96BC1A5760770079F917 /* Cocoa.framework */,
				B9AA96BA1A5760630079F917 /* OpenGL.framework */,
				B9AA96BE1A57607E0079F917 /* CoreVideo.framework */,
				B9AA96C01A5760860079F917 /* IOKit.framework */,
				37D3776B1B3B4A0B001EAA62 /* libGLFW.a */,
				37D377691B3B4970001EAA62 /* libLua.a */,
			);
			name = Libs;
			sourceTree = "<group>";
		};
		37C8E0871B55BDAC00713DAC /* NativeText */ = {
			isa = PBXGroup;
			children = (
				37C8E08E1B55BFC600713DAC /* native_text.c */,
				37C8E08F1B55BFC600713DAC /* native_text.h */,
			);
			name = NativeText;
			sourceTree = "<group>";
		};
		B9AA96281A575CB40079F917 = {
			isa = PBXGroup;
			children = (
				B9AA96331A575CB40079F917 /* Violet */,
				37A842751B70210100908276 /* scripts */,
				B9AA96D91A577D3E0079F917 /* assets */,
				37C8E0851B55BCE000713DAC /* Libs */,
				B9AA96321A575CB40079F917 /* Products */,
			);
			sourceTree = "<group>";
		};
		B9AA96321A575CB40079F917 /* Products */ = {
			isa = PBXGroup;
			children = (
				B9AA96311A575CB40079F917 /* Violet.app */,
			);
			name = Products;
			sourceTree = "<group>";
		};
		B9AA96331A575CB40079F917 /* Violet */ = {
			isa = PBXGroup;
			children = (
				B9AA96591A575DE00079F917 /* Containers */,
				373FC7651B3AF91200AEBB25 /* Core */,
				B9FEE5011A5C9AA200489197 /* Editor */,
				373FC7621B3AF8FA00AEBB25 /* File */,
				B9AA965E1A575DE00079F917 /* Geometry */,
				373FC7631B3AF90100AEBB25 /* Physics */,
				B9AA96731A575DE00079F917 /* Rendering */,
				373FC7661B3AF93300AEBB25 /* Script */,
				373FC7641B3AF90800AEBB25 /* UI */,
				373FC7671B3AF93C00AEBB25 /* Utils */,
				B9AA96341A575CB40079F917 /* Supporting Files */,
				B9AA963B1A575CB40079F917 /* Images.xcassets */,
				B9AA96681A575DE00079F917 /* Main.cpp */,
				B9AA963D1A575CB50079F917 /* MainMenu.xib */,
				37D376CA1B3B4571001EAA62 /* magic_ptr.hpp */,
				B9AA966C1A575DE00079F917 /* Mobile.cpp */,
				B9AA966D1A575DE00079F917 /* Mobile.hpp */,
				37D376CB1B3B4571001EAA62 /* Position.cpp */,
				37D376CC1B3B4571001EAA62 /* Position.hpp */,
				B9AA96851A575DE00079F917 /* stdafx.cpp */,
				B9AA96861A575DE00079F917 /* stdafx.h */,
				B9AA96371A575CB40079F917 /* AppDelegate.m */,
				B9AA96361A575CB40079F917 /* AppDelegate.h */,
				37D376CD1B3B4571001EAA62 /* Viewport.cpp */,
				37D376CE1B3B4571001EAA62 /* Viewport.hpp */,
				B9AA96971A575DE00079F917 /* Window.cpp */,
				B9AA96981A575DE00079F917 /* Window.hpp */,
			);
			path = Violet;
			sourceTree = "<group>";
		};
		B9AA96341A575CB40079F917 /* Supporting Files */ = {
			isa = PBXGroup;
			children = (
				B9AA96351A575CB40079F917 /* Info.plist */,
			);
			name = "Supporting Files";
			sourceTree = "<group>";
		};
		B9AA96591A575DE00079F917 /* Containers */ = {
			isa = PBXGroup;
			children = (
				373FC7451B3AF8AF00AEBB25 /* l_unordered_map.hpp */,
				373FC7461B3AF8AF00AEBB25 /* tuple_tree.hpp */,
				B9AA965A1A575DE00079F917 /* BinTree.hpp */,
				B9AA965B1A575DE00079F917 /* l_bag.hpp */,
				B9AA965C1A575DE00079F917 /* l_map.hpp */,
				B9AA965D1A575DE00079F917 /* WrappedIterator.hpp */,
			);
			path = Containers;
			sourceTree = "<group>";
		};
		B9AA965E1A575DE00079F917 /* Geometry */ = {
			isa = PBXGroup;
			children = (
				373FC7561B3AF8CE00AEBB25 /* OBB.cpp */,
				373FC7571B3AF8CE00AEBB25 /* OBB.hpp */,
				373FC7581B3AF8CE00AEBB25 /* Shapes.cpp */,
				B9AA965F1A575DE00079F917 /* AABB.cpp */,
				B9AA96601A575DE00079F917 /* AABB.hpp */,
				B9AA96611A575DE00079F917 /* Collide.hpp */,
				373FC7551B3AF8CE00AEBB25 /* Collide.cpp */,
				B9AA96621A575DE00079F917 /* Mesh.cpp */,
				B9AA96631A575DE00079F917 /* Mesh.hpp */,
				B9AA96641A575DE00079F917 /* Shapes.hpp */,
			);
			path = Geometry;
			sourceTree = "<group>";
		};
		B9AA96731A575DE00079F917 /* Rendering */ = {
			isa = PBXGroup;
			children = (
				373FC75C1B3AF8DA00AEBB25 /* Material.cpp */,
				373FC75D1B3AF8DA00AEBB25 /* Material.hpp */,
				373FC75E1B3AF8DA00AEBB25 /* RenderPasses.cpp */,
				373FC75F1B3AF8DA00AEBB25 /* RenderPasses.hpp */,
				B9AA96741A575DE00079F917 /* BufferObject.hpp */,
				B9AA96751A575DE00079F917 /* FBO.cpp */,
				B9AA96761A575DE00079F917 /* FBO.hpp */,
				B9AA96781A575DE00079F917 /* Render.cpp */,
				B9AA96791A575DE00079F917 /* Render.hpp */,
				B9AA967B1A575DE00079F917 /* Shader.cpp */,
				B9AA967C1A575DE00079F917 /* Shader.hpp */,
				B9AA967D1A575DE00079F917 /* Texture.cpp */,
				B9AA967E1A575DE00079F917 /* Texture.hpp */,
				B9AA967F1A575DE00079F917 /* Texture_detail.hpp */,
				B9AA96801A575DE00079F917 /* VAO.cpp */,
				B9AA96811A575DE00079F917 /* VAO.hpp */,
				B9AA96821A575DE00079F917 /* VertexData.cpp */,
				B9AA96831A575DE00079F917 /* VertexData.hpp */,
			);
			path = Rendering;
			sourceTree = "<group>";
		};
		B9AA96C21A5760CF0079F917 /* GL */ = {
			isa = PBXGroup;
			children = (
				37C8E0881B55BFA000713DAC /* gl_core_3_3.c */,
				37C8E0891B55BFA000713DAC /* gl_core_3_3.h */,
			);
			path = GL;
			sourceTree = "<group>";
		};
		B9FEE5011A5C9AA200489197 /* Editor */ = {
			isa = PBXGroup;
			children = (
				373FC7471B3AF8C100AEBB25 /* Assets.cpp */,
				373FC7481B3AF8C100AEBB25 /* Assets.hpp */,
				373FC7491B3AF8C100AEBB25 /* ComponentEdit.cpp */,
				373FC74A1B3AF8C100AEBB25 /* ComponentEdit.hpp */,
				373FC74B1B3AF8C100AEBB25 /* Edit.cpp */,
				373FC74C1B3AF8C100AEBB25 /* Edit.hpp */,
				373FC74D1B3AF8C100AEBB25 /* MaterialEdit.cpp */,
				373FC74E1B3AF8C100AEBB25 /* MaterialEdit.hpp */,
				373FC74F1B3AF8C100AEBB25 /* Thumbnail.cpp */,
				B9FEE5021A5C9ABA00489197 /* Tool.cpp */,
				B9FEE5031A5C9ABA00489197 /* Tool.hpp */,
				37A842721B6E9F5E00908276 /* Console.cpp */,
				37A842731B6E9F5E00908276 /* Console.hpp */,
			);
			name = Editor;
			sourceTree = "<group>";
		};
/* End PBXGroup section */

/* Begin PBXNativeTarget section */
		B9AA96301A575CB40079F917 /* Violet */ = {
			isa = PBXNativeTarget;
			buildConfigurationList = B9AA964E1A575CB50079F917 /* Build configuration list for PBXNativeTarget "Violet" */;
			buildPhases = (
				B9AA962D1A575CB40079F917 /* Sources */,
				B9AA962E1A575CB40079F917 /* Frameworks */,
				B9AA962F1A575CB40079F917 /* Resources */,
			);
			buildRules = (
			);
			dependencies = (
			);
			name = Violet;
			productName = Violet;
			productReference = B9AA96311A575CB40079F917 /* Violet.app */;
			productType = "com.apple.product-type.application";
		};
/* End PBXNativeTarget section */

/* Begin PBXProject section */
		B9AA96291A575CB40079F917 /* Project object */ = {
			isa = PBXProject;
			attributes = {
				LastUpgradeCheck = 0610;
				ORGANIZATIONNAME = danielkeller;
				TargetAttributes = {
					B9AA96301A575CB40079F917 = {
						CreatedOnToolsVersion = 6.1.1;
					};
				};
			};
			buildConfigurationList = B9AA962C1A575CB40079F917 /* Build configuration list for PBXProject "Violet" */;
			compatibilityVersion = "Xcode 3.2";
			developmentRegion = English;
			hasScannedForEncodings = 0;
			knownRegions = (
				en,
				Base,
			);
			mainGroup = B9AA96281A575CB40079F917;
			productRefGroup = B9AA96321A575CB40079F917 /* Products */;
			projectDirPath = "";
			projectRoot = "";
			targets = (
				B9AA96301A575CB40079F917 /* Violet */,
			);
		};
/* End PBXProject section */

/* Begin PBXResourcesBuildPhase section */
		B9AA962F1A575CB40079F917 /* Resources */ = {
			isa = PBXResourcesBuildPhase;
			buildActionMask = 2147483647;
			files = (
				37A842761B70210100908276 /* scripts in Resources */,
				B9AA963F1A575CB50079F917 /* MainMenu.xib in Resources */,
				B9AA963C1A575CB40079F917 /* Images.xcassets in Resources */,
			);
			runOnlyForDeploymentPostprocessing = 0;
		};
/* End PBXResourcesBuildPhase section */

/* Begin PBXSourcesBuildPhase section */
		B9AA962D1A575CB40079F917 /* Sources */ = {
			isa = PBXSourcesBuildPhase;
			buildActionMask = 2147483647;
			files = (
				373FC7891B3AF9AB00AEBB25 /* NarrowPhase.cpp in Sources */,
				B9AA96A81A575DE00079F917 /* Texture.cpp in Sources */,
				37C8E0901B55BFC600713DAC /* native_text.c in Sources */,
				373FC7841B3AF99E00AEBB25 /* Wavefront.cpp in Sources */,
				B9AA969F1A575DE00079F917 /* Main.cpp in Sources */,
				373FC7A21B3AF9CC00AEBB25 /* PixelDraw.cpp in Sources */,
				B9AA96AA1A575DE00079F917 /* VertexData.cpp in Sources */,
				373FC79F1B3AF9CC00AEBB25 /* Colorscheme.cpp in Sources */,
				B9AA96381A575CB40079F917 /* AppDelegate.m in Sources */,
				B9AA96A51A575DE00079F917 /* FBO.cpp in Sources */,
				B9AA96A71A575DE00079F917 /* Shader.cpp in Sources */,
				373FC7831B3AF99E00AEBB25 /* Persist.cpp in Sources */,
				37D376D01B3B4571001EAA62 /* Viewport.cpp in Sources */,
				37C8E08D1B55BFB100713DAC /* sqlite3.c in Sources */,
				B9AA969B1A575DE00079F917 /* AABB.cpp in Sources */,
				37C8E08A1B55BFA000713DAC /* gl_core_3_3.c in Sources */,
				B9AA96B41A575DE00079F917 /* Window.cpp in Sources */,
				373FC78A1B3AF9AB00AEBB25 /* RigidBody.cpp in Sources */,
				373FC7911B3AF9BA00AEBB25 /* EigenLib.cpp in Sources */,
				373FC7811B3AF99E00AEBB25 /* BlobFile.cpp in Sources */,
				373FC7921B3AF9BA00AEBB25 /* Scripting.cpp in Sources */,
				B9AA96AB1A575DE00079F917 /* stdafx.cpp in Sources */,
				373FC7591B3AF8CE00AEBB25 /* Collide.cpp in Sources */,
				373FC7821B3AF99E00AEBB25 /* Filesystem.cpp in Sources */,
				373FC7751B3AF99200AEBB25 /* Component.cpp in Sources */,
				373FC7A31B3AF9CC00AEBB25 /* Text.cpp in Sources */,
				373FC7531B3AF8C100AEBB25 /* MaterialEdit.cpp in Sources */,
				37A842741B6E9F5E00908276 /* Console.cpp in Sources */,
				37D376CF1B3B4571001EAA62 /* Position.cpp in Sources */,
				B9FEE5041A5C9ABA00489197 /* Tool.cpp in Sources */,
				373FC75A1B3AF8CE00AEBB25 /* OBB.cpp in Sources */,
				373FC7771B3AF99200AEBB25 /* Time.cpp in Sources */,
				373FC7611B3AF8DA00AEBB25 /* RenderPasses.cpp in Sources */,
				373FC7521B3AF8C100AEBB25 /* Edit.cpp in Sources */,
				373FC7A01B3AF9CC00AEBB25 /* Elements.cpp in Sources */,
				373FC75B1B3AF8CE00AEBB25 /* Shapes.cpp in Sources */,
				373FC7541B3AF8C100AEBB25 /* Thumbnail.cpp in Sources */,
				373FC7931B3AF9BA00AEBB25 /* Utils.cpp in Sources */,
				373FC7A11B3AF9CC00AEBB25 /* Layout.cpp in Sources */,
				373FC7761B3AF99200AEBB25 /* Object.cpp in Sources */,
				373FC7501B3AF8C100AEBB25 /* Assets.cpp in Sources */,
				373092881B41DBB000C832FE /* DebugBoxes.cpp in Sources */,
				373FC7511B3AF8C100AEBB25 /* ComponentEdit.cpp in Sources */,
				B9AA96A21A575DE00079F917 /* Mobile.cpp in Sources */,
				373FC76D1B3AF95E00AEBB25 /* Profiling.cpp in Sources */,
				373FC7A41B3AF9CC00AEBB25 /* TextElements.cpp in Sources */,
				B9AA96A61A575DE00079F917 /* Render.cpp in Sources */,
				B9AA96A91A575DE00079F917 /* VAO.cpp in Sources */,
				373FC7601B3AF8DA00AEBB25 /* Material.cpp in Sources */,
				B9AA969C1A575DE00079F917 /* Mesh.cpp in Sources */,
			);
			runOnlyForDeploymentPostprocessing = 0;
		};
/* End PBXSourcesBuildPhase section */

/* Begin PBXVariantGroup section */
		B9AA963D1A575CB50079F917 /* MainMenu.xib */ = {
			isa = PBXVariantGroup;
			children = (
				B9AA963E1A575CB50079F917 /* Base */,
			);
			name = MainMenu.xib;
			sourceTree = "<group>";
		};
/* End PBXVariantGroup section */

/* Begin XCBuildConfiguration section */
		B9AA964C1A575CB50079F917 /* Debug */ = {
			isa = XCBuildConfiguration;
			buildSettings = {
				ALWAYS_SEARCH_USER_PATHS = NO;
				CLANG_CXX_LANGUAGE_STANDARD = "gnu++0x";
				CLANG_CXX_LIBRARY = "libc++";
				CLANG_ENABLE_MODULES = YES;
				CLANG_ENABLE_OBJC_ARC = YES;
				CLANG_WARN_BOOL_CONVERSION = YES;
				CLANG_WARN_CONSTANT_CONVERSION = YES;
				CLANG_WARN_DIRECT_OBJC_ISA_USAGE = YES_ERROR;
				CLANG_WARN_EMPTY_BODY = YES;
				CLANG_WARN_ENUM_CONVERSION = YES;
				CLANG_WARN_INT_CONVERSION = YES;
				CLANG_WARN_OBJC_ROOT_CLASS = YES_ERROR;
				CLANG_WARN_UNREACHABLE_CODE = YES;
				CLANG_WARN__DUPLICATE_METHOD_MATCH = YES;
				CODE_SIGN_IDENTITY = "-";
				COPY_PHASE_STRIP = NO;
				ENABLE_STRICT_OBJC_MSGSEND = YES;
				GCC_C_LANGUAGE_STANDARD = gnu99;
				GCC_DYNAMIC_NO_PIC = NO;
				GCC_OPTIMIZATION_LEVEL = 0;
				GCC_PREPROCESSOR_DEFINITIONS = (
					"DEBUG=1",
					"$(inherited)",
				);
				GCC_SYMBOLS_PRIVATE_EXTERN = NO;
				GCC_WARN_64_TO_32_BIT_CONVERSION = YES;
				GCC_WARN_ABOUT_RETURN_TYPE = YES_ERROR;
				GCC_WARN_UNDECLARED_SELECTOR = YES;
				GCC_WARN_UNINITIALIZED_AUTOS = YES_AGGRESSIVE;
				GCC_WARN_UNUSED_FUNCTION = YES;
				GCC_WARN_UNUSED_VARIABLE = YES;
				MACOSX_DEPLOYMENT_TARGET = 10.9;
				MTL_ENABLE_DEBUG_INFO = YES;
				ONLY_ACTIVE_ARCH = YES;
				SDKROOT = macosx;
			};
			name = Debug;
		};
		B9AA964D1A575CB50079F917 /* Release */ = {
			isa = XCBuildConfiguration;
			buildSettings = {
				ALWAYS_SEARCH_USER_PATHS = NO;
				CLANG_CXX_LANGUAGE_STANDARD = "gnu++0x";
				CLANG_CXX_LIBRARY = "libc++";
				CLANG_ENABLE_MODULES = YES;
				CLANG_ENABLE_OBJC_ARC = YES;
				CLANG_WARN_BOOL_CONVERSION = YES;
				CLANG_WARN_CONSTANT_CONVERSION = YES;
				CLANG_WARN_DIRECT_OBJC_ISA_USAGE = YES_ERROR;
				CLANG_WARN_EMPTY_BODY = YES;
				CLANG_WARN_ENUM_CONVERSION = YES;
				CLANG_WARN_INT_CONVERSION = YES;
				CLANG_WARN_OBJC_ROOT_CLASS = YES_ERROR;
				CLANG_WARN_UNREACHABLE_CODE = YES;
				CLANG_WARN__DUPLICATE_METHOD_MATCH = YES;
				CODE_SIGN_IDENTITY = "-";
				COPY_PHASE_STRIP = YES;
				DEBUG_INFORMATION_FORMAT = "dwarf-with-dsym";
				ENABLE_NS_ASSERTIONS = NO;
				ENABLE_STRICT_OBJC_MSGSEND = YES;
				GCC_C_LANGUAGE_STANDARD = gnu99;
				GCC_WARN_64_TO_32_BIT_CONVERSION = YES;
				GCC_WARN_ABOUT_RETURN_TYPE = YES_ERROR;
				GCC_WARN_UNDECLARED_SELECTOR = YES;
				GCC_WARN_UNINITIALIZED_AUTOS = YES_AGGRESSIVE;
				GCC_WARN_UNUSED_FUNCTION = YES;
				GCC_WARN_UNUSED_VARIABLE = YES;
				MACOSX_DEPLOYMENT_TARGET = 10.9;
				MTL_ENABLE_DEBUG_INFO = NO;
				SDKROOT = macosx;
			};
			name = Release;
		};
		B9AA964F1A575CB50079F917 /* Debug */ = {
			isa = XCBuildConfiguration;
			buildSettings = {
				ASSETCATALOG_COMPILER_APPICON_NAME = AppIcon;
				CLANG_CXX_LANGUAGE_STANDARD = "c++14";
				COMBINE_HIDPI_IMAGES = YES;
				GCC_WARN_PEDANTIC = YES;
				GCC_WARN_SIGN_COMPARE = YES;
				GCC_WARN_UNUSED_PARAMETER = YES;
				HEADER_SEARCH_PATHS = (
					"$(inherited)",
					/Applications/Xcode.app/Contents/Developer/Toolchains/XcodeDefault.xctoolchain/usr/include,
					"$(PROJECT_DIR)/Libs",
					"$(PROJECT_DIR)/Violet",
				);
				INFOPLIST_FILE = Violet/Info.plist;
				LD_RUNPATH_SEARCH_PATHS = "$(inherited) @executable_path/../Frameworks";
				LIBRARY_SEARCH_PATHS = (
					"$(inherited)",
					"$(PROJECT_DIR)/Libs/GLFW/build/Debug",
					"$(USER_LIBRARY_DIR)/Developer/Xcode/DerivedData/Violet-ektknzihphkvveeijwugqfctgfmb/Build/Products/Debug",
					"$(PROJECT_DIR)/Libs/lua/build/Debug",
				);
				PRODUCT_NAME = "$(TARGET_NAME)";
				WARNING_CFLAGS = "-Wall";
			};
			name = Debug;
		};
		B9AA96501A575CB50079F917 /* Release */ = {
			isa = XCBuildConfiguration;
			buildSettings = {
				ASSETCATALOG_COMPILER_APPICON_NAME = AppIcon;
				CLANG_CXX_LANGUAGE_STANDARD = "c++14";
				COMBINE_HIDPI_IMAGES = YES;
				GCC_PREPROCESSOR_DEFINITIONS = NDEBUG;
				GCC_WARN_PEDANTIC = YES;
				GCC_WARN_SIGN_COMPARE = YES;
				GCC_WARN_UNUSED_PARAMETER = YES;
				HEADER_SEARCH_PATHS = (
					"$(inherited)",
					/Applications/Xcode.app/Contents/Developer/Toolchains/XcodeDefault.xctoolchain/usr/include,
					"$(PROJECT_DIR)/Libs",
					"$(PROJECT_DIR)/Violet",
				);
				INFOPLIST_FILE = Violet/Info.plist;
				LD_RUNPATH_SEARCH_PATHS = "$(inherited) @executable_path/../Frameworks";
				LIBRARY_SEARCH_PATHS = (
					"$(inherited)",
					"$(PROJECT_DIR)/Libs/GLFW/build/Debug",
					"$(USER_LIBRARY_DIR)/Developer/Xcode/DerivedData/Violet-ektknzihphkvveeijwugqfctgfmb/Build/Products/Debug",
					"$(PROJECT_DIR)/Libs/lua/build/Debug",
				);
				PRODUCT_NAME = "$(TARGET_NAME)";
				WARNING_CFLAGS = "-Wall";
			};
			name = Release;
		};
/* End XCBuildConfiguration section */

/* Begin XCConfigurationList section */
		B9AA962C1A575CB40079F917 /* Build configuration list for PBXProject "Violet" */ = {
			isa = XCConfigurationList;
			buildConfigurations = (
				B9AA964C1A575CB50079F917 /* Debug */,
				B9AA964D1A575CB50079F917 /* Release */,
			);
			defaultConfigurationIsVisible = 0;
			defaultConfigurationName = Release;
		};
		B9AA964E1A575CB50079F917 /* Build configuration list for PBXNativeTarget "Violet" */ = {
			isa = XCConfigurationList;
			buildConfigurations = (
				B9AA964F1A575CB50079F917 /* Debug */,
				B9AA96501A575CB50079F917 /* Release */,
			);
			defaultConfigurationIsVisible = 0;
			defaultConfigurationName = Release;
		};
/* End XCConfigurationList section */
	};
	rootObject = B9AA96291A575CB40079F917 /* Project object */;
}
