<?xml version="1.0" encoding="utf-8"?>
<Project ToolsVersion="4.0" xmlns="http://schemas.microsoft.com/developer/msbuild/2003">
  <ItemGroup>
    <Filter Include="Source Files">
      <UniqueIdentifier>{4FC737F1-C7A5-4376-A066-2A32D752A2FF}</UniqueIdentifier>
      <Extensions>cpp;c;cc;cxx;def;odl;idl;hpj;bat;asm;asmx</Extensions>
    </Filter>
    <Filter Include="Resource Files">
      <UniqueIdentifier>{67DA6AB6-F800-4c08-8B7A-83BB121AAD01}</UniqueIdentifier>
      <Extensions>rc;ico;cur;bmp;dlg;rc2;rct;bin;rgs;gif;jpg;jpeg;jpe;resx;tiff;tif;png;wav;mfcribbon-ms</Extensions>
    </Filter>
    <Filter Include="Source Files\Rendering">
      <UniqueIdentifier>{3902fd21-2fe5-4a70-a3d8-4941d1c8ca2c}</UniqueIdentifier>
    </Filter>
    <Filter Include="Source Files\Libs">
      <UniqueIdentifier>{c3815a18-e4ed-4320-8957-77e2b7e080cb}</UniqueIdentifier>
    </Filter>
    <Filter Include="Source Files\Geometry">
      <UniqueIdentifier>{3e521d01-afc8-4a40-af25-9d72c805def7}</UniqueIdentifier>
    </Filter>
  </ItemGroup>
  <ItemGroup>
    <ClInclude Include="Rendering\ArrayBuffer.hpp">
      <Filter>Source Files\Rendering</Filter>
    </ClInclude>
    <ClInclude Include="Rendering\Render.hpp">
      <Filter>Source Files\Rendering</Filter>
    </ClInclude>
    <ClInclude Include="Rendering\Shader.hpp">
      <Filter>Source Files\Rendering</Filter>
    </ClInclude>
    <ClInclude Include="Rendering\Texture.hpp">
      <Filter>Source Files\Rendering</Filter>
    </ClInclude>
    <ClInclude Include="Rendering\Uniform.hpp">
      <Filter>Source Files\Rendering</Filter>
    </ClInclude>
    <ClInclude Include="Rendering\VAO.hpp">
      <Filter>Source Files\Rendering</Filter>
    </ClInclude>
    <ClInclude Include="GLMath.h">
      <Filter>Source Files</Filter>
    </ClInclude>
    <ClInclude Include="Object.hpp">
      <Filter>Source Files</Filter>
    </ClInclude>
    <ClInclude Include="Profiling.hpp">
      <Filter>Source Files</Filter>
    </ClInclude>
    <ClInclude Include="Resource.hpp">
      <Filter>Source Files</Filter>
    </ClInclude>
    <ClInclude Include="stdafx.h">
      <Filter>Source Files</Filter>
    </ClInclude>
    <ClInclude Include="Wavefront.hpp">
      <Filter>Source Files</Filter>
    </ClInclude>
    <ClInclude Include="Window.hpp">
      <Filter>Source Files</Filter>
    </ClInclude>
    <ClInclude Include="Mobile.hpp">
      <Filter>Source Files</Filter>
    </ClInclude>
    <ClInclude Include="Permavector.hpp">
      <Filter>Source Files</Filter>
    </ClInclude>
    <ClInclude Include="Geometry\Shapes.hpp">
      <Filter>Source Files\Geometry</Filter>
    </ClInclude>
    <ClInclude Include="Geometry\Collide.hpp">
      <Filter>Source Files\Geometry</Filter>
    </ClInclude>
    <ClInclude Include="Geometry\AABB.hpp">
      <Filter>Source Files\Geometry</Filter>
    </ClInclude>
    <ClInclude Include="Geometry\Mesh.hpp">
      <Filter>Source Files\Geometry</Filter>
    </ClInclude>
    <ClInclude Include="BinTree.hpp">
      <Filter>Source Files</Filter>
    </ClInclude>
    <ClInclude Include="WrappedIterator.hpp">
      <Filter>Source Files</Filter>
    </ClInclude>
    <ClInclude Include="MappedFile.hpp">
      <Filter>Source Files</Filter>
    </ClInclude>
  </ItemGroup>
  <ItemGroup>
    <ClCompile Include="Main.cpp">
      <Filter>Source Files</Filter>
    </ClCompile>
    <ClCompile Include="Window.cpp">
      <Filter>Source Files</Filter>
    </ClCompile>
    <ClCompile Include="stdafx.cpp">
      <Filter>Source Files</Filter>
    </ClCompile>
    <ClCompile Include="Wavefront.cpp">
      <Filter>Source Files</Filter>
    </ClCompile>
    <ClCompile Include="Object.cpp">
      <Filter>Source Files</Filter>
    </ClCompile>
    <ClCompile Include="Rendering\Render.cpp">
      <Filter>Source Files\Rendering</Filter>
    </ClCompile>
    <ClCompile Include="Rendering\Shader.cpp">
      <Filter>Source Files\Rendering</Filter>
    </ClCompile>
    <ClCompile Include="Rendering\VAO.cpp">
      <Filter>Source Files\Rendering</Filter>
    </ClCompile>
    <ClCompile Include="Rendering\Uniform.cpp">
      <Filter>Source Files\Rendering</Filter>
    </ClCompile>
    <ClCompile Include="..\Lodepng\lodepng.cpp">
      <Filter>Source Files\Libs</Filter>
    </ClCompile>
    <ClCompile Include="Rendering\Texture.cpp">
      <Filter>Source Files\Rendering</Filter>
    </ClCompile>
    <ClCompile Include="Profiling.cpp">
      <Filter>Source Files</Filter>
    </ClCompile>
    <ClCompile Include="Mobile.cpp">
      <Filter>Source Files</Filter>
    </ClCompile>
    <ClCompile Include="Geometry\AABB.cpp">
      <Filter>Source Files\Geometry</Filter>
    </ClCompile>
    <ClCompile Include="Geometry\Mesh.cpp">
      <Filter>Source Files\Geometry</Filter>
    </ClCompile>
    <ClCompile Include="MappedFile.cpp">
      <Filter>Source Files</Filter>
    </ClCompile>
    <ClCompile Include="..\GL\gl_core_3_3.c">
      <Filter>Source Files\Libs</Filter>
    </ClCompile>
  </ItemGroup>
  <ItemGroup>
    <None Include="..\assets\simple.frag">
      <Filter>Resource Files</Filter>
    </None>
    <None Include="..\assets\simple.vert">
      <Filter>Resource Files</Filter>
    </None>
    <None Include="..\assets\color.frag">
      <Filter>Resource Files</Filter>
    </None>
    <None Include="..\assets\color.vert">
      <Filter>Resource Files</Filter>
    </None>
  </ItemGroup>
  <ItemGroup>
    <Library Include="..\GLFW\glfw3_32.lib">
      <Filter>Resource Files</Filter>
    </Library>
    <Library Include="..\GLFW\glfw3_64.lib">
      <Filter>Resource Files</Filter>
    </Library>
  </ItemGroup>
</Project>