<?xml version="1.0" encoding="utf-8"?>
<Project ToolsVersion="4.0" xmlns="http://schemas.microsoft.com/developer/msbuild/2003">
  <ItemGroup>
    <Filter Include="Source Files">
      <UniqueIdentifier>{4FC737F1-C7A5-4376-A066-2A32D752A2FF}</UniqueIdentifier>
      <Extensions>cpp;c;cc;cxx;def;odl;idl;hpj;bat;asm;asmx</Extensions>
    </Filter>
    <Filter Include="Resource Files">
      <UniqueIdentifier>{67DA6AB6-F800-4c08-8B7A-83BB121AAD01}</UniqueIdentifier>
      <Extensions>rc;ico;cur;bmp;dlg;rc2;rct;bin;rgs;gif;jpg;jpeg;jpe;resx;tiff;tif;png;wav;mfcribbon-ms</Extensions>
    </Filter>
    <Filter Include="Source Files\Rendering">
      <UniqueIdentifier>{3902fd21-2fe5-4a70-a3d8-4941d1c8ca2c}</UniqueIdentifier>
    </Filter>
    <Filter Include="Source Files\Geometry">
      <UniqueIdentifier>{3e521d01-afc8-4a40-af25-9d72c805def7}</UniqueIdentifier>
    </Filter>
    <Filter Include="Source Files\Editor">
      <UniqueIdentifier>{611df96d-6cb7-42fe-8014-1904a476afa6}</UniqueIdentifier>
    </Filter>
    <Filter Include="Source Files\Containers">
      <UniqueIdentifier>{93bdf5f6-a93f-4efc-8f8b-577daca88de6}</UniqueIdentifier>
    </Filter>
    <Filter Include="Source Files\Utils">
      <UniqueIdentifier>{e4463c8f-9c8d-4a1a-b055-f8b759c6e25e}</UniqueIdentifier>
    </Filter>
    <Filter Include="Libs">
      <UniqueIdentifier>{c3815a18-e4ed-4320-8957-77e2b7e080cb}</UniqueIdentifier>
      <ParseFiles>false</ParseFiles>
    </Filter>
    <Filter Include="Source Files\UI">
      <UniqueIdentifier>{3b4775a7-6560-4d61-9504-18642c596ee1}</UniqueIdentifier>
    </Filter>
    <Filter Include="Source Files\Core">
      <UniqueIdentifier>{f562b482-f09d-48ed-ab98-ac79e2cab184}</UniqueIdentifier>
    </Filter>
    <Filter Include="Source Files\File">
      <UniqueIdentifier>{2f2a5c3b-9eba-4190-9a8e-ac0ccba11dde}</UniqueIdentifier>
    </Filter>
  </ItemGroup>
  <ItemGroup>
    <ClInclude Include="Rendering\Render.hpp">
      <Filter>Source Files\Rendering</Filter>
    </ClInclude>
    <ClInclude Include="Rendering\Shader.hpp">
      <Filter>Source Files\Rendering</Filter>
    </ClInclude>
    <ClInclude Include="Rendering\Texture.hpp">
      <Filter>Source Files\Rendering</Filter>
    </ClInclude>
    <ClInclude Include="Rendering\VAO.hpp">
      <Filter>Source Files\Rendering</Filter>
    </ClInclude>
    <ClInclude Include="stdafx.h">
      <Filter>Source Files</Filter>
    </ClInclude>
    <ClInclude Include="Window.hpp">
      <Filter>Source Files</Filter>
    </ClInclude>
    <ClInclude Include="Mobile.hpp">
      <Filter>Source Files</Filter>
    </ClInclude>
    <ClInclude Include="Geometry\Shapes.hpp">
      <Filter>Source Files\Geometry</Filter>
    </ClInclude>
    <ClInclude Include="Geometry\Collide.hpp">
      <Filter>Source Files\Geometry</Filter>
    </ClInclude>
    <ClInclude Include="Geometry\AABB.hpp">
      <Filter>Source Files\Geometry</Filter>
    </ClInclude>
    <ClInclude Include="Geometry\Mesh.hpp">
      <Filter>Source Files\Geometry</Filter>
    </ClInclude>
    <ClInclude Include="Rendering\VertexData.hpp">
      <Filter>Source Files\Rendering</Filter>
    </ClInclude>
    <ClInclude Include="Rendering\BufferObject.hpp">
      <Filter>Source Files\Rendering</Filter>
    </ClInclude>
    <ClInclude Include="Rendering\FBO.hpp">
      <Filter>Source Files\Rendering</Filter>
    </ClInclude>
    <ClInclude Include="Rendering\Texture_detail.hpp">
      <Filter>Source Files\Rendering</Filter>
    </ClInclude>
    <ClInclude Include="Editor\Edit.hpp">
      <Filter>Source Files\Editor</Filter>
    </ClInclude>
    <ClInclude Include="Editor\Tool.hpp">
      <Filter>Source Files\Editor</Filter>
    </ClInclude>
    <ClInclude Include="Position.hpp">
      <Filter>Source Files</Filter>
    </ClInclude>
    <ClInclude Include="Containers\BinTree.hpp">
      <Filter>Source Files\Containers</Filter>
    </ClInclude>
    <ClInclude Include="Containers\l_bag.hpp">
      <Filter>Source Files\Containers</Filter>
    </ClInclude>
    <ClInclude Include="Containers\l_map.hpp">
      <Filter>Source Files\Containers</Filter>
    </ClInclude>
    <ClInclude Include="Containers\WrappedIterator.hpp">
      <Filter>Source Files\Containers</Filter>
    </ClInclude>
    <ClInclude Include="magic_ptr.hpp">
      <Filter>Source Files</Filter>
    </ClInclude>
    <ClInclude Include="Containers\l_unordered_map.hpp">
      <Filter>Source Files\Containers</Filter>
    </ClInclude>
    <ClInclude Include="Containers\tuple_tree.hpp">
      <Filter>Source Files\Containers</Filter>
    </ClInclude>
    <ClInclude Include="Rendering\RenderPasses.hpp">
      <Filter>Source Files\Rendering</Filter>
    </ClInclude>
    <ClInclude Include="Rendering\Material.hpp">
      <Filter>Source Files\Rendering</Filter>
    </ClInclude>
    <ClInclude Include="Utils\Template.hpp">
      <Filter>Source Files\Utils</Filter>
    </ClInclude>
    <ClInclude Include="UI\Layout.hpp">
      <Filter>Source Files\UI</Filter>
    </ClInclude>
    <ClInclude Include="UI\Text.hpp">
      <Filter>Source Files\UI</Filter>
    </ClInclude>
    <ClInclude Include="UI\PixelDraw.hpp">
      <Filter>Source Files\UI</Filter>
    </ClInclude>
    <ClInclude Include="UI\Elements.hpp">
      <Filter>Source Files\UI</Filter>
    </ClInclude>
    <ClInclude Include="Viewport.hpp">
      <Filter>Source Files</Filter>
    </ClInclude>
    <ClInclude Include="Editor\Assets.hpp">
      <Filter>Source Files\Editor</Filter>
    </ClInclude>
    <ClInclude Include="Windows.hpp">
      <Filter>Source Files</Filter>
    </ClInclude>
    <ClInclude Include="Core\Component.hpp">
      <Filter>Source Files\Core</Filter>
    </ClInclude>
    <ClInclude Include="Core\Object.hpp">
      <Filter>Source Files\Core</Filter>
    </ClInclude>
    <ClInclude Include="Core\Resource.hpp">
      <Filter>Source Files\Core</Filter>
    </ClInclude>
    <ClInclude Include="Core\Time.hpp">
      <Filter>Source Files\Core</Filter>
    </ClInclude>
    <ClInclude Include="Utils\Profiling.hpp">
      <Filter>Source Files\Utils</Filter>
    </ClInclude>
    <ClInclude Include="File\Filesystem.hpp">
      <Filter>Source Files\File</Filter>
    </ClInclude>
    <ClInclude Include="File\Wavefront.hpp">
      <Filter>Source Files\File</Filter>
    </ClInclude>
    <ClInclude Include="File\Persist_detail.hpp">
      <Filter>Source Files\File</Filter>
    </ClInclude>
    <ClInclude Include="File\Persist.hpp">
      <Filter>Source Files\File</Filter>
    </ClInclude>
  </ItemGroup>
  <ItemGroup>
    <ClCompile Include="Main.cpp">
      <Filter>Source Files</Filter>
    </ClCompile>
    <ClCompile Include="Window.cpp">
      <Filter>Source Files</Filter>
    </ClCompile>
    <ClCompile Include="stdafx.cpp">
      <Filter>Source Files</Filter>
    </ClCompile>
    <ClCompile Include="Rendering\Render.cpp">
      <Filter>Source Files\Rendering</Filter>
    </ClCompile>
    <ClCompile Include="Rendering\Shader.cpp">
      <Filter>Source Files\Rendering</Filter>
    </ClCompile>
    <ClCompile Include="Rendering\VAO.cpp">
      <Filter>Source Files\Rendering</Filter>
    </ClCompile>
    <ClCompile Include="Rendering\Texture.cpp">
      <Filter>Source Files\Rendering</Filter>
    </ClCompile>
    <ClCompile Include="Mobile.cpp">
      <Filter>Source Files</Filter>
    </ClCompile>
    <ClCompile Include="Geometry\AABB.cpp">
      <Filter>Source Files\Geometry</Filter>
    </ClCompile>
    <ClCompile Include="Geometry\Mesh.cpp">
      <Filter>Source Files\Geometry</Filter>
    </ClCompile>
    <ClCompile Include="..\GL\gl_core_3_3.c">
      <Filter>Libs</Filter>
    </ClCompile>
    <ClCompile Include="Rendering\VertexData.cpp">
      <Filter>Source Files\Rendering</Filter>
    </ClCompile>
    <ClCompile Include="Rendering\FBO.cpp">
      <Filter>Source Files\Rendering</Filter>
    </ClCompile>
    <ClCompile Include="Editor\Edit.cpp">
      <Filter>Source Files\Editor</Filter>
    </ClCompile>
    <ClCompile Include="Editor\Tool.cpp">
      <Filter>Source Files\Editor</Filter>
    </ClCompile>
    <ClCompile Include="Position.cpp">
      <Filter>Source Files</Filter>
    </ClCompile>
    <ClCompile Include="Rendering\RenderPasses.cpp">
      <Filter>Source Files\Rendering</Filter>
    </ClCompile>
    <ClCompile Include="..\sqlite\sqlite3.c">
      <Filter>Libs</Filter>
    </ClCompile>
    <ClCompile Include="Rendering\Material.cpp">
      <Filter>Source Files\Rendering</Filter>
    </ClCompile>
    <ClCompile Include="UI\Text.cpp">
      <Filter>Source Files\UI</Filter>
    </ClCompile>
    <ClCompile Include="UI\PixelDraw.cpp">
      <Filter>Source Files\UI</Filter>
    </ClCompile>
    <ClCompile Include="UI\Elements.cpp">
      <Filter>Source Files\UI</Filter>
    </ClCompile>
    <ClCompile Include="UI\Layout.cpp">
      <Filter>Source Files\UI</Filter>
    </ClCompile>
    <ClCompile Include="Viewport.cpp">
      <Filter>Source Files</Filter>
    </ClCompile>
    <ClCompile Include="Editor\Assets.cpp">
      <Filter>Source Files\Editor</Filter>
    </ClCompile>
    <ClCompile Include="Editor\Thumbnail.cpp">
      <Filter>Source Files\Editor</Filter>
    </ClCompile>
    <ClCompile Include="Core\Component.cpp">
      <Filter>Source Files\Core</Filter>
    </ClCompile>
    <ClCompile Include="Core\Object.cpp">
      <Filter>Source Files\Core</Filter>
    </ClCompile>
    <ClCompile Include="Core\Time.cpp">
      <Filter>Source Files\Core</Filter>
    </ClCompile>
    <ClCompile Include="Utils\Profiling.cpp">
      <Filter>Source Files\Utils</Filter>
    </ClCompile>
    <ClCompile Include="File\Filesystem.cpp">
      <Filter>Source Files\File</Filter>
    </ClCompile>
    <ClCompile Include="File\Wavefront.cpp">
      <Filter>Source Files\File</Filter>
    </ClCompile>
    <ClCompile Include="File\Persist.cpp">
      <Filter>Source Files\File</Filter>
    </ClCompile>
  </ItemGroup>
  <ItemGroup>
    <None Include="..\assets\simple.frag">
      <Filter>Resource Files</Filter>
    </None>
    <None Include="..\assets\simple.vert">
      <Filter>Resource Files</Filter>
    </None>
    <None Include="..\assets\color.frag">
      <Filter>Resource Files</Filter>
    </None>
    <None Include="..\assets\color.vert">
      <Filter>Resource Files</Filter>
    </None>
    <None Include="..\assets\blank.frag">
      <Filter>Resource Files</Filter>
    </None>
    <None Include="..\assets\blank.vert">
      <Filter>Resource Files</Filter>
    </None>
    <None Include="..\assets\tool_arrow.frag">
      <Filter>Resource Files</Filter>
    </None>
    <None Include="..\assets\tool_arrow.vert">
      <Filter>Resource Files</Filter>
    </None>
    <None Include="..\assets\screen.frag">
      <Filter>Resource Files</Filter>
    </None>
    <None Include="..\assets\screen.vert">
      <Filter>Resource Files</Filter>
    </None>
    <None Include="..\assets\uibox.vert">
      <Filter>Resource Files</Filter>
    </None>
    <None Include="..\assets\uibox.frag">
      <Filter>Resource Files</Filter>
    </None>
    <None Include="..\assets\text.vert">
      <Filter>Resource Files</Filter>
    </None>
    <None Include="..\assets\text.frag">
      <Filter>Resource Files</Filter>
    </None>
    <None Include="..\assets\textured_uibox.frag">
      <Filter>Resource Files</Filter>
    </None>
    <None Include="..\assets\textured_uibox.vert">
      <Filter>Resource Files</Filter>
    </None>
    <None Include="..\assets\shaded.vert">
      <Filter>Resource Files</Filter>
    </None>
    <None Include="..\assets\shaded.frag">
      <Filter>Resource Files</Filter>
    </None>
    <None Include="..\assets\uishadow.vert">
      <Filter>Resource Files</Filter>
    </None>
    <None Include="..\assets\uishadow.frag">
      <Filter>Resource Files</Filter>
    </None>
  </ItemGroup>
  <ItemGroup>
    <Library Include="..\GLFW\glfw3_32.lib">
      <Filter>Resource Files</Filter>
    </Library>
    <Library Include="..\GLFW\glfw3_64.lib">
      <Filter>Resource Files</Filter>
    </Library>
  </ItemGroup>
  <ItemGroup>
    <Image Include="..\assets\capsule.png">
      <Filter>Resource Files</Filter>
    </Image>
    <Image Include="..\assets\cube.png">
      <Filter>Resource Files</Filter>
    </Image>
  </ItemGroup>
</Project>