<?xml version="1.0" encoding="utf-8"?>
<Project ToolsVersion="4.0" xmlns="http://schemas.microsoft.com/developer/msbuild/2003">
  <ItemGroup>
    <Filter Include="Source Files">
      <UniqueIdentifier>{4FC737F1-C7A5-4376-A066-2A32D752A2FF}</UniqueIdentifier>
      <Extensions>cpp;c;cc;cxx;def;odl;idl;hpj;bat;asm;asmx</Extensions>
    </Filter>
    <Filter Include="Header Files">
      <UniqueIdentifier>{93995380-89BD-4b04-88EB-625FBE52EBFB}</UniqueIdentifier>
      <Extensions>h;hpp;hxx;hm;inl;inc;xsd</Extensions>
    </Filter>
    <Filter Include="Resource Files">
      <UniqueIdentifier>{67DA6AB6-F800-4c08-8B7A-83BB121AAD01}</UniqueIdentifier>
      <Extensions>rc;ico;cur;bmp;dlg;rc2;rct;bin;rgs;gif;jpg;jpeg;jpe;resx;tiff;tif;png;wav;mfcribbon-ms</Extensions>
    </Filter>
    <Filter Include="Header Files\Rendering">
      <UniqueIdentifier>{de3389bd-5a26-427e-811d-e71f81172257}</UniqueIdentifier>
    </Filter>
    <Filter Include="Source Files\Rendering">
      <UniqueIdentifier>{3902fd21-2fe5-4a70-a3d8-4941d1c8ca2c}</UniqueIdentifier>
    </Filter>
  </ItemGroup>
  <ItemGroup>
    <ClInclude Include="Window.hpp">
      <Filter>Header Files</Filter>
    </ClInclude>
    <ClInclude Include="stdafx.h">
      <Filter>Header Files</Filter>
    </ClInclude>
    <ClInclude Include="GLMath.h">
      <Filter>Header Files</Filter>
    </ClInclude>
    <ClInclude Include="Object.hpp">
      <Filter>Header Files</Filter>
    </ClInclude>
    <ClInclude Include="Profiling.hpp">
      <Filter>Header Files</Filter>
    </ClInclude>
    <ClInclude Include="Rendering\Shader.hpp">
      <Filter>Header Files\Rendering</Filter>
    </ClInclude>
    <ClInclude Include="Rendering\Uniform.hpp">
      <Filter>Header Files\Rendering</Filter>
    </ClInclude>
    <ClInclude Include="Rendering\Render.hpp">
      <Filter>Header Files\Rendering</Filter>
    </ClInclude>
    <ClInclude Include="Rendering\VAO.hpp">
      <Filter>Header Files\Rendering</Filter>
    </ClInclude>
    <ClInclude Include="Resource.hpp">
      <Filter>Header Files</Filter>
    </ClInclude>
    <ClInclude Include="Wavefront.hpp">
      <Filter>Header Files</Filter>
    </ClInclude>
    <ClInclude Include="Rendering\ArrayBuffer.hpp">
      <Filter>Header Files\Rendering</Filter>
    </ClInclude>
  </ItemGroup>
  <ItemGroup>
    <ClCompile Include="Main.cpp">
      <Filter>Source Files</Filter>
    </ClCompile>
    <ClCompile Include="Window.cpp">
      <Filter>Source Files</Filter>
    </ClCompile>
    <ClCompile Include="stdafx.cpp">
      <Filter>Source Files</Filter>
    </ClCompile>
    <ClCompile Include="Wavefront.cpp">
      <Filter>Source Files</Filter>
    </ClCompile>
    <ClCompile Include="Object.cpp">
      <Filter>Source Files</Filter>
    </ClCompile>
    <ClCompile Include="Rendering\Render.cpp">
      <Filter>Source Files\Rendering</Filter>
    </ClCompile>
    <ClCompile Include="Rendering\Shader.cpp">
      <Filter>Source Files\Rendering</Filter>
    </ClCompile>
    <ClCompile Include="Rendering\VAO.cpp">
      <Filter>Source Files\Rendering</Filter>
    </ClCompile>
    <ClCompile Include="..\GL\gl_core_3_3.c">
      <Filter>Source Files\Rendering</Filter>
    </ClCompile>
    <ClCompile Include="Rendering\Uniform.cpp">
      <Filter>Source Files\Rendering</Filter>
    </ClCompile>
  </ItemGroup>
  <ItemGroup>
    <Library Include="..\GLFW\glfw3.lib">
      <Filter>Resource Files</Filter>
    </Library>
  </ItemGroup>
  <ItemGroup>
    <None Include="..\assets\simple.frag">
      <Filter>Resource Files</Filter>
    </None>
    <None Include="..\assets\simple.vert">
      <Filter>Resource Files</Filter>
    </None>
  </ItemGroup>
</Project>